
Microsoft Visual Studio Solution File, Format Version 12.00
# Visual Studio Version 17
VisualStudioVersion = 17.7.34202.233
MinimumVisualStudioVersion = 10.0.40219.1
Project("{FAE04EC0-301F-11D3-BF4B-00C04F79EFBC}") = "VideoPlayer", "VideoPlayer.csproj", "{A160040F-E5F8-4CA8-967D-BB8CA57AA6E4}"
EndProject
Global
	GlobalSection(SolutionConfigurationPlatforms) = preSolution
		Debug|Any CPU = Debug|Any CPU
		Release|Any CPU = Release|Any CPU
	EndGlobalSection
	GlobalSection(ProjectConfigurationPlatforms) = postSolution
		{A160040F-E5F8-4CA8-967D-BB8CA57AA6E4}.Debug|Any CPU.ActiveCfg = Debug|Any CPU
		{A160040F-E5F8-4CA8-967D-BB8CA57AA6E4}.Debug|Any CPU.Build.0 = Debug|Any CPU
		{A160040F-E5F8-4CA8-967D-BB8CA57AA6E4}.Release|Any CPU.ActiveCfg = Release|Any CPU
		{A160040F-E5F8-4CA8-967D-BB8CA57AA6E4}.Release|Any CPU.Build.0 = Release|Any CPU
	EndGlobalSection
	GlobalSection(SolutionProperties) = preSolution
		HideSolutionNode = FALSE
	EndGlobalSection
	GlobalSection(ExtensibilityGlobals) = postSolution
		SolutionGuid = {388C8AC4-4428-45E1-AFB4-C0E6054D6B72}
	EndGlobalSection
EndGlobal
